// !$*UTF8*$!
{
	archiveVersion = 1;
	classes = {
	};
	objectVersion = 48;
	objects = {

/* Begin PBXBuildFile section */
		3C20B2DA20424ACE00E714A5 /* AppDelegate.swift in Sources */ = {isa = PBXBuildFile; fileRef = 3C20B2D920424ACE00E714A5 /* AppDelegate.swift */; };
		3C20B2DC20424ACE00E714A5 /* LoginViewController.swift in Sources */ = {isa = PBXBuildFile; fileRef = 3C20B2DB20424ACE00E714A5 /* LoginViewController.swift */; };
		3C20B2DF20424ACE00E714A5 /* Main.storyboard in Resources */ = {isa = PBXBuildFile; fileRef = 3C20B2DD20424ACE00E714A5 /* Main.storyboard */; };
		3C20B2E120424ACE00E714A5 /* Assets.xcassets in Resources */ = {isa = PBXBuildFile; fileRef = 3C20B2E020424ACE00E714A5 /* Assets.xcassets */; };
		3C20B2E420424ACE00E714A5 /* LaunchScreen.storyboard in Resources */ = {isa = PBXBuildFile; fileRef = 3C20B2E220424ACE00E714A5 /* LaunchScreen.storyboard */; };
		3C20B2EF20424ACE00E714A5 /* _more_storeTests.swift in Sources */ = {isa = PBXBuildFile; fileRef = 3C20B2EE20424ACE00E714A5 /* _more_storeTests.swift */; };
/* End PBXBuildFile section */

/* Begin PBXContainerItemProxy section */
		3C20B2EB20424ACE00E714A5 /* PBXContainerItemProxy */ = {
			isa = PBXContainerItemProxy;
			containerPortal = 3C20B2CE20424ACE00E714A5 /* Project object */;
			proxyType = 1;
			remoteGlobalIDString = 3C20B2D520424ACE00E714A5;
			remoteInfo = "1more-store";
		};
/* End PBXContainerItemProxy section */

/* Begin PBXFileReference section */
		3C20B2D620424ACE00E714A5 /* 1more-store.app */ = {isa = PBXFileReference; explicitFileType = wrapper.application; includeInIndex = 0; path = "1more-store.app"; sourceTree = BUILT_PRODUCTS_DIR; };
		3C20B2D920424ACE00E714A5 /* AppDelegate.swift */ = {isa = PBXFileReference; lastKnownFileType = sourcecode.swift; path = AppDelegate.swift; sourceTree = "<group>"; };
		3C20B2DB20424ACE00E714A5 /* LoginViewController.swift */ = {isa = PBXFileReference; lastKnownFileType = sourcecode.swift; path = LoginViewController.swift; sourceTree = "<group>"; };
		3C20B2DE20424ACE00E714A5 /* Base */ = {isa = PBXFileReference; lastKnownFileType = file.storyboard; name = Base; path = Base.lproj/Main.storyboard; sourceTree = "<group>"; };
		3C20B2E020424ACE00E714A5 /* Assets.xcassets */ = {isa = PBXFileReference; lastKnownFileType = folder.assetcatalog; path = Assets.xcassets; sourceTree = "<group>"; };
		3C20B2E320424ACE00E714A5 /* Base */ = {isa = PBXFileReference; lastKnownFileType = file.storyboard; name = Base; path = Base.lproj/LaunchScreen.storyboard; sourceTree = "<group>"; };
		3C20B2E520424ACE00E714A5 /* Info.plist */ = {isa = PBXFileReference; lastKnownFileType = text.plist.xml; path = Info.plist; sourceTree = "<group>"; };
		3C20B2EA20424ACE00E714A5 /* 1more-storeTests.xctest */ = {isa = PBXFileReference; explicitFileType = wrapper.cfbundle; includeInIndex = 0; path = "1more-storeTests.xctest"; sourceTree = BUILT_PRODUCTS_DIR; };
		3C20B2EE20424ACE00E714A5 /* _more_storeTests.swift */ = {isa = PBXFileReference; lastKnownFileType = sourcecode.swift; path = _more_storeTests.swift; sourceTree = "<group>"; };
		3C20B2F020424ACE00E714A5 /* Info.plist */ = {isa = PBXFileReference; lastKnownFileType = text.plist.xml; path = Info.plist; sourceTree = "<group>"; };
/* End PBXFileReference section */

/* Begin PBXFrameworksBuildPhase section */
		3C20B2D320424ACE00E714A5 /* Frameworks */ = {
			isa = PBXFrameworksBuildPhase;
			buildActionMask = 2147483647;
			files = (
			);
			runOnlyForDeploymentPostprocessing = 0;
		};
		3C20B2E720424ACE00E714A5 /* Frameworks */ = {
			isa = PBXFrameworksBuildPhase;
			buildActionMask = 2147483647;
			files = (
			);
			runOnlyForDeploymentPostprocessing = 0;
		};
/* End PBXFrameworksBuildPhase section */

/* Begin PBXGroup section */
		3C20B2CD20424ACE00E714A5 = {
			isa = PBXGroup;
			children = (
				3C20B2D820424ACE00E714A5 /* 1more-store */,
				3C20B2ED20424ACE00E714A5 /* 1more-storeTests */,
				3C20B2D720424ACE00E714A5 /* Products */,
			);
			sourceTree = "<group>";
		};
		3C20B2D720424ACE00E714A5 /* Products */ = {
			isa = PBXGroup;
			children = (
				3C20B2D620424ACE00E714A5 /* 1more-store.app */,
				3C20B2EA20424ACE00E714A5 /* 1more-storeTests.xctest */,
			);
			name = Products;
			sourceTree = "<group>";
		};
		3C20B2D820424ACE00E714A5 /* 1more-store */ = {
			isa = PBXGroup;
			children = (
				3C6671362043C60D00A260C6 /* Model */,
				3C6671372043C61800A260C6 /* View */,
				3C6671382043C62200A260C6 /* Controller */,
				3C20B2D920424ACE00E714A5 /* AppDelegate.swift */,
				3C20B2DD20424ACE00E714A5 /* Main.storyboard */,
				3C20B2E020424ACE00E714A5 /* Assets.xcassets */,
				3C20B2E220424ACE00E714A5 /* LaunchScreen.storyboard */,
				3C20B2E520424ACE00E714A5 /* Info.plist */,
			);
			path = "1more-store";
			sourceTree = "<group>";
		};
		3C20B2ED20424ACE00E714A5 /* 1more-storeTests */ = {
			isa = PBXGroup;
			children = (
				3C20B2EE20424ACE00E714A5 /* _more_storeTests.swift */,
				3C20B2F020424ACE00E714A5 /* Info.plist */,
			);
			path = "1more-storeTests";
			sourceTree = "<group>";
		};
		3C6671362043C60D00A260C6 /* Model */ = {
			isa = PBXGroup;
			children = (
			);
			name = Model;
			path = "New Group";
			sourceTree = "<group>";
		};
		3C6671372043C61800A260C6 /* View */ = {
			isa = PBXGroup;
			children = (
			);
			name = View;
			path = "New Group1";
			sourceTree = "<group>";
		};
		3C6671382043C62200A260C6 /* Controller */ = {
			isa = PBXGroup;
			children = (
				3C20B2DB20424ACE00E714A5 /* LoginViewController.swift */,
			);
			name = Controller;
			path = "New Group2";
			sourceTree = "<group>";
		};
/* End PBXGroup section */

/* Begin PBXNativeTarget section */
		3C20B2D520424ACE00E714A5 /* 1more-store */ = {
			isa = PBXNativeTarget;
			buildConfigurationList = 3C20B2F320424ACE00E714A5 /* Build configuration list for PBXNativeTarget "1more-store" */;
			buildPhases = (
				3C20B2D220424ACE00E714A5 /* Sources */,
				3C20B2D320424ACE00E714A5 /* Frameworks */,
				3C20B2D420424ACE00E714A5 /* Resources */,
			);
			buildRules = (
			);
			dependencies = (
			);
			name = "1more-store";
			productName = "1more-store";
			productReference = 3C20B2D620424ACE00E714A5 /* 1more-store.app */;
			productType = "com.apple.product-type.application";
		};
		3C20B2E920424ACE00E714A5 /* 1more-storeTests */ = {
			isa = PBXNativeTarget;
			buildConfigurationList = 3C20B2F620424ACE00E714A5 /* Build configuration list for PBXNativeTarget "1more-storeTests" */;
			buildPhases = (
				3C20B2E620424ACE00E714A5 /* Sources */,
				3C20B2E720424ACE00E714A5 /* Frameworks */,
				3C20B2E820424ACE00E714A5 /* Resources */,
			);
			buildRules = (
			);
			dependencies = (
				3C20B2EC20424ACE00E714A5 /* PBXTargetDependency */,
			);
			name = "1more-storeTests";
			productName = "1more-storeTests";
			productReference = 3C20B2EA20424ACE00E714A5 /* 1more-storeTests.xctest */;
			productType = "com.apple.product-type.bundle.unit-test";
		};
/* End PBXNativeTarget section */

/* Begin PBXProject section */
		3C20B2CE20424ACE00E714A5 /* Project object */ = {
			isa = PBXProject;
			attributes = {
				LastSwiftUpdateCheck = 0920;
				LastUpgradeCheck = 0920;
				ORGANIZATIONNAME = "Sherbaz Hashmi";
				TargetAttributes = {
					3C20B2D520424ACE00E714A5 = {
						CreatedOnToolsVersion = 9.2;
						ProvisioningStyle = Automatic;
					};
					3C20B2E920424ACE00E714A5 = {
						CreatedOnToolsVersion = 9.2;
						ProvisioningStyle = Automatic;
						TestTargetID = 3C20B2D520424ACE00E714A5;
					};
				};
			};
			buildConfigurationList = 3C20B2D120424ACE00E714A5 /* Build configuration list for PBXProject "1more-store" */;
			compatibilityVersion = "Xcode 8.0";
			developmentRegion = en;
			hasScannedForEncodings = 0;
			knownRegions = (
				en,
				Base,
			);
			mainGroup = 3C20B2CD20424ACE00E714A5;
			productRefGroup = 3C20B2D720424ACE00E714A5 /* Products */;
			projectDirPath = "";
			projectRoot = "";
			targets = (
				3C20B2D520424ACE00E714A5 /* 1more-store */,
				3C20B2E920424ACE00E714A5 /* 1more-storeTests */,
			);
		};
/* End PBXProject section */

/* Begin PBXResourcesBuildPhase section */
		3C20B2D420424ACE00E714A5 /* Resources */ = {
			isa = PBXResourcesBuildPhase;
			buildActionMask = 2147483647;
			files = (
				3C20B2E420424ACE00E714A5 /* LaunchScreen.storyboard in Resources */,
				3C20B2E120424ACE00E714A5 /* Assets.xcassets in Resources */,
				3C20B2DF20424ACE00E714A5 /* Main.storyboard in Resources */,
			);
			runOnlyForDeploymentPostprocessing = 0;
		};
		3C20B2E820424ACE00E714A5 /* Resources */ = {
			isa = PBXResourcesBuildPhase;
			buildActionMask = 2147483647;
			files = (
			);
			runOnlyForDeploymentPostprocessing = 0;
		};
/* End PBXResourcesBuildPhase section */

/* Begin PBXSourcesBuildPhase section */
		3C20B2D220424ACE00E714A5 /* Sources */ = {
			isa = PBXSourcesBuildPhase;
			buildActionMask = 2147483647;
			files = (
				3C20B2DC20424ACE00E714A5 /* LoginViewController.swift in Sources */,
				3C20B2DA20424ACE00E714A5 /* AppDelegate.swift in Sources */,
			);
			runOnlyForDeploymentPostprocessing = 0;
		};
		3C20B2E620424ACE00E714A5 /* Sources */ = {
			isa = PBXSourcesBuildPhase;
			buildActionMask = 2147483647;
			files = (
				3C20B2EF20424ACE00E714A5 /* _more_storeTests.swift in Sources */,
			);
			runOnlyForDeploymentPostprocessing = 0;
		};
/* End PBXSourcesBuildPhase section */

/* Begin PBXTargetDependency section */
		3C20B2EC20424ACE00E714A5 /* PBXTargetDependency */ = {
			isa = PBXTargetDependency;
			target = 3C20B2D520424ACE00E714A5 /* 1more-store */;
			targetProxy = 3C20B2EB20424ACE00E714A5 /* PBXContainerItemProxy */;
		};
/* End PBXTargetDependency section */

/* Begin PBXVariantGroup section */
		3C20B2DD20424ACE00E714A5 /* Main.storyboard */ = {
			isa = PBXVariantGroup;
			children = (
				3C20B2DE20424ACE00E714A5 /* Base */,
			);
			name = Main.storyboard;
			sourceTree = "<group>";
		};
		3C20B2E220424ACE00E714A5 /* LaunchScreen.storyboard */ = {
			isa = PBXVariantGroup;
			children = (
				3C20B2E320424ACE00E714A5 /* Base */,
			);
			name = LaunchScreen.storyboard;
			sourceTree = "<group>";
		};
/* End PBXVariantGroup section */

/* Begin XCBuildConfiguration section */
		3C20B2F120424ACE00E714A5 /* Debug */ = {
			isa = XCBuildConfiguration;
			buildSettings = {
				ALWAYS_SEARCH_USER_PATHS = NO;
				CLANG_ANALYZER_NONNULL = YES;
				CLANG_ANALYZER_NUMBER_OBJECT_CONVERSION = YES_AGGRESSIVE;
				CLANG_CXX_LANGUAGE_STANDARD = "gnu++14";
				CLANG_CXX_LIBRARY = "libc++";
				CLANG_ENABLE_MODULES = YES;
				CLANG_ENABLE_OBJC_ARC = YES;
				CLANG_WARN_BLOCK_CAPTURE_AUTORELEASING = YES;
				CLANG_WARN_BOOL_CONVERSION = YES;
				CLANG_WARN_COMMA = YES;
				CLANG_WARN_CONSTANT_CONVERSION = YES;
				CLANG_WARN_DIRECT_OBJC_ISA_USAGE = YES_ERROR;
				CLANG_WARN_DOCUMENTATION_COMMENTS = YES;
				CLANG_WARN_EMPTY_BODY = YES;
				CLANG_WARN_ENUM_CONVERSION = YES;
				CLANG_WARN_INFINITE_RECURSION = YES;
				CLANG_WARN_INT_CONVERSION = YES;
				CLANG_WARN_NON_LITERAL_NULL_CONVERSION = YES;
				CLANG_WARN_OBJC_LITERAL_CONVERSION = YES;
				CLANG_WARN_OBJC_ROOT_CLASS = YES_ERROR;
				CLANG_WARN_RANGE_LOOP_ANALYSIS = YES;
				CLANG_WARN_STRICT_PROTOTYPES = YES;
				CLANG_WARN_SUSPICIOUS_MOVE = YES;
				CLANG_WARN_UNGUARDED_AVAILABILITY = YES_AGGRESSIVE;
				CLANG_WARN_UNREACHABLE_CODE = YES;
				CLANG_WARN__DUPLICATE_METHOD_MATCH = YES;
				CODE_SIGN_IDENTITY = "iPhone Developer";
				COPY_PHASE_STRIP = NO;
				DEBUG_INFORMATION_FORMAT = dwarf;
				ENABLE_STRICT_OBJC_MSGSEND = YES;
				ENABLE_TESTABILITY = YES;
				GCC_C_LANGUAGE_STANDARD = gnu11;
				GCC_DYNAMIC_NO_PIC = NO;
				GCC_NO_COMMON_BLOCKS = YES;
				GCC_OPTIMIZATION_LEVEL = 0;
				GCC_PREPROCESSOR_DEFINITIONS = (
					"DEBUG=1",
					"$(inherited)",
				);
				GCC_WARN_64_TO_32_BIT_CONVERSION = YES;
				GCC_WARN_ABOUT_RETURN_TYPE = YES_ERROR;
				GCC_WARN_UNDECLARED_SELECTOR = YES;
				GCC_WARN_UNINITIALIZED_AUTOS = YES_AGGRESSIVE;
				GCC_WARN_UNUSED_FUNCTION = YES;
				GCC_WARN_UNUSED_VARIABLE = YES;
				IPHONEOS_DEPLOYMENT_TARGET = 11.2;
				MTL_ENABLE_DEBUG_INFO = YES;
				ONLY_ACTIVE_ARCH = YES;
				SDKROOT = iphoneos;
				SWIFT_ACTIVE_COMPILATION_CONDITIONS = DEBUG;
				SWIFT_OPTIMIZATION_LEVEL = "-Onone";
			};
			name = Debug;
		};
		3C20B2F220424ACE00E714A5 /* Release */ = {
			isa = XCBuildConfiguration;
			buildSettings = {
				ALWAYS_SEARCH_USER_PATHS = NO;
				CLANG_ANALYZER_NONNULL = YES;
				CLANG_ANALYZER_NUMBER_OBJECT_CONVERSION = YES_AGGRESSIVE;
				CLANG_CXX_LANGUAGE_STANDARD = "gnu++14";
				CLANG_CXX_LIBRARY = "libc++";
				CLANG_ENABLE_MODULES = YES;
				CLANG_ENABLE_OBJC_ARC = YES;
				CLANG_WARN_BLOCK_CAPTURE_AUTORELEASING = YES;
				CLANG_WARN_BOOL_CONVERSION = YES;
				CLANG_WARN_COMMA = YES;
				CLANG_WARN_CONSTANT_CONVERSION = YES;
				CLANG_WARN_DIRECT_OBJC_ISA_USAGE = YES_ERROR;
				CLANG_WARN_DOCUMENTATION_COMMENTS = YES;
				CLANG_WARN_EMPTY_BODY = YES;
				CLANG_WARN_ENUM_CONVERSION = YES;
				CLANG_WARN_INFINITE_RECURSION = YES;
				CLANG_WARN_INT_CONVERSION = YES;
				CLANG_WARN_NON_LITERAL_NULL_CONVERSION = YES;
				CLANG_WARN_OBJC_LITERAL_CONVERSION = YES;
				CLANG_WARN_OBJC_ROOT_CLASS = YES_ERROR;
				CLANG_WARN_RANGE_LOOP_ANALYSIS = YES;
				CLANG_WARN_STRICT_PROTOTYPES = YES;
				CLANG_WARN_SUSPICIOUS_MOVE = YES;
				CLANG_WARN_UNGUARDED_AVAILABILITY = YES_AGGRESSIVE;
				CLANG_WARN_UNREACHABLE_CODE = YES;
				CLANG_WARN__DUPLICATE_METHOD_MATCH = YES;
				CODE_SIGN_IDENTITY = "iPhone Developer";
				COPY_PHASE_STRIP = NO;
				DEBUG_INFORMATION_FORMAT = "dwarf-with-dsym";
				ENABLE_NS_ASSERTIONS = NO;
				ENABLE_STRICT_OBJC_MSGSEND = YES;
				GCC_C_LANGUAGE_STANDARD = gnu11;
				GCC_NO_COMMON_BLOCKS = YES;
				GCC_WARN_64_TO_32_BIT_CONVERSION = YES;
				GCC_WARN_ABOUT_RETURN_TYPE = YES_ERROR;
				GCC_WARN_UNDECLARED_SELECTOR = YES;
				GCC_WARN_UNINITIALIZED_AUTOS = YES_AGGRESSIVE;
				GCC_WARN_UNUSED_FUNCTION = YES;
				GCC_WARN_UNUSED_VARIABLE = YES;
				IPHONEOS_DEPLOYMENT_TARGET = 11.2;
				MTL_ENABLE_DEBUG_INFO = NO;
				SDKROOT = iphoneos;
				SWIFT_OPTIMIZATION_LEVEL = "-Owholemodule";
				VALIDATE_PRODUCT = YES;
			};
			name = Release;
		};
		3C20B2F420424ACE00E714A5 /* Debug */ = {
			isa = XCBuildConfiguration;
			buildSettings = {
				ASSETCATALOG_COMPILER_APPICON_NAME = AppIcon;
				CODE_SIGN_STYLE = Automatic;
				DEVELOPMENT_TEAM = 4A723QRMPE;
				INFOPLIST_FILE = "1more-store/Info.plist";
				LD_RUNPATH_SEARCH_PATHS = "$(inherited) @executable_path/Frameworks";
				PRODUCT_BUNDLE_IDENTIFIER = "New-Light.-more-store";
				PRODUCT_NAME = "$(TARGET_NAME)";
				SWIFT_VERSION = 4.0;
				TARGETED_DEVICE_FAMILY = "1,2";
			};
			name = Debug;
		};
		3C20B2F520424ACE00E714A5 /* Release */ = {
			isa = XCBuildConfiguration;
			buildSettings = {
				ASSETCATALOG_COMPILER_APPICON_NAME = AppIcon;
				CODE_SIGN_STYLE = Automatic;
				DEVELOPMENT_TEAM = 4A723QRMPE;
				INFOPLIST_FILE = "1more-store/Info.plist";
				LD_RUNPATH_SEARCH_PATHS = "$(inherited) @executable_path/Frameworks";
				PRODUCT_BUNDLE_IDENTIFIER = "New-Light.-more-store";
				PRODUCT_NAME = "$(TARGET_NAME)";
				SWIFT_VERSION = 4.0;
				TARGETED_DEVICE_FAMILY = "1,2";
			};
			name = Release;
		};
		3C20B2F720424ACE00E714A5 /* Debug */ = {
			isa = XCBuildConfiguration;
			buildSettings = {
				ALWAYS_EMBED_SWIFT_STANDARD_LIBRARIES = YES;
				BUNDLE_LOADER = "$(TEST_HOST)";
				CODE_SIGN_STYLE = Automatic;
				DEVELOPMENT_TEAM = 4A723QRMPE;
				INFOPLIST_FILE = "1more-storeTests/Info.plist";
				LD_RUNPATH_SEARCH_PATHS = "$(inherited) @executable_path/Frameworks @loader_path/Frameworks";
				PRODUCT_BUNDLE_IDENTIFIER = "New-Light.-more-storeTests";
				PRODUCT_NAME = "$(TARGET_NAME)";
				SWIFT_VERSION = 4.0;
				TARGETED_DEVICE_FAMILY = "1,2";
				TEST_HOST = "$(BUILT_PRODUCTS_DIR)/1more-store.app/1more-store";
			};
			name = Debug;
		};
		3C20B2F820424ACE00E714A5 /* Release */ = {
			isa = XCBuildConfiguration;
			buildSettings = {
				ALWAYS_EMBED_SWIFT_STANDARD_LIBRARIES = YES;
				BUNDLE_LOADER = "$(TEST_HOST)";
				CODE_SIGN_STYLE = Automatic;
				DEVELOPMENT_TEAM = 4A723QRMPE;
				INFOPLIST_FILE = "1more-storeTests/Info.plist";
				LD_RUNPATH_SEARCH_PATHS = "$(inherited) @executable_path/Frameworks @loader_path/Frameworks";
				PRODUCT_BUNDLE_IDENTIFIER = "New-Light.-more-storeTests";
				PRODUCT_NAME = "$(TARGET_NAME)";
				SWIFT_VERSION = 4.0;
				TARGETED_DEVICE_FAMILY = "1,2";
				TEST_HOST = "$(BUILT_PRODUCTS_DIR)/1more-store.app/1more-store";
			};
			name = Release;
		};
/* End XCBuildConfiguration section */

/* Begin XCConfigurationList section */
		3C20B2D120424ACE00E714A5 /* Build configuration list for PBXProject "1more-store" */ = {
			isa = XCConfigurationList;
			buildConfigurations = (
				3C20B2F120424ACE00E714A5 /* Debug */,
				3C20B2F220424ACE00E714A5 /* Release */,
			);
			defaultConfigurationIsVisible = 0;
			defaultConfigurationName = Release;
		};
		3C20B2F320424ACE00E714A5 /* Build configuration list for PBXNativeTarget "1more-store" */ = {
			isa = XCConfigurationList;
			buildConfigurations = (
				3C20B2F420424ACE00E714A5 /* Debug */,
				3C20B2F520424ACE00E714A5 /* Release */,
			);
			defaultConfigurationIsVisible = 0;
			defaultConfigurationName = Release;
		};
		3C20B2F620424ACE00E714A5 /* Build configuration list for PBXNativeTarget "1more-storeTests" */ = {
			isa = XCConfigurationList;
			buildConfigurations = (
				3C20B2F720424ACE00E714A5 /* Debug */,
				3C20B2F820424ACE00E714A5 /* Release */,
			);
			defaultConfigurationIsVisible = 0;
			defaultConfigurationName = Release;
		};
/* End XCConfigurationList section */
	};
	rootObject = 3C20B2CE20424ACE00E714A5 /* Project object */;
}
